
Microsoft Visual Studio Solution File, Format Version 12.00
# Visual Studio Version 17
VisualStudioVersion = 17.14.36511.14 d17.14
MinimumVisualStudioVersion = 10.0.40219.1
Project("{FAE04EC0-301F-11D3-BF4B-00C04F79EFBC}") = "UP_Markov", "UP_Markov.csproj", "{0726A76D-008F-4987-A4D6-1411F42DAD03}"
EndProject
Global
	GlobalSection(SolutionConfigurationPlatforms) = preSolution
		Debug|Any CPU = Debug|Any CPU
		Release|Any CPU = Release|Any CPU
	EndGlobalSection
	GlobalSection(ProjectConfigurationPlatforms) = postSolution
		{0726A76D-008F-4987-A4D6-1411F42DAD03}.Debug|Any CPU.ActiveCfg = Debug|Any CPU
		{0726A76D-008F-4987-A4D6-1411F42DAD03}.Debug|Any CPU.Build.0 = Debug|Any CPU
		{0726A76D-008F-4987-A4D6-1411F42DAD03}.Release|Any CPU.ActiveCfg = Release|Any CPU
		{0726A76D-008F-4987-A4D6-1411F42DAD03}.Release|Any CPU.Build.0 = Release|Any CPU
	EndGlobalSection
	GlobalSection(SolutionProperties) = preSolution
		HideSolutionNode = FALSE
	EndGlobalSection
	GlobalSection(ExtensibilityGlobals) = postSolution
		SolutionGuid = {94CB596E-5562-457A-A6D0-A2B68BA3C570}
	EndGlobalSection
EndGlobal
